
Microsoft Visual Studio Solution File, Format Version 12.00
# Visual Studio Version 16
VisualStudioVersion = 16.0.29609.76
MinimumVisualStudioVersion = 10.0.40219.1
Project("{00D1A9C2-B5F0-4AF3-8072-F6C62B433612}") = "ExpenseTrackerDataBase", "ExpenseTrackerDataBase\ExpenseTrackerDataBase.sqlproj", "{51941BAA-E42D-4481-8C56-1C875709182A}"
EndProject
Global
	GlobalSection(SolutionConfigurationPlatforms) = preSolution
		Debug|Any CPU = Debug|Any CPU
		Release|Any CPU = Release|Any CPU
	EndGlobalSection
	GlobalSection(ProjectConfigurationPlatforms) = postSolution
		{51941BAA-E42D-4481-8C56-1C875709182A}.Debug|Any CPU.ActiveCfg = Debug|Any CPU
		{51941BAA-E42D-4481-8C56-1C875709182A}.Debug|Any CPU.Build.0 = Debug|Any CPU
		{51941BAA-E42D-4481-8C56-1C875709182A}.Debug|Any CPU.Deploy.0 = Debug|Any CPU
		{51941BAA-E42D-4481-8C56-1C875709182A}.Release|Any CPU.ActiveCfg = Release|Any CPU
		{51941BAA-E42D-4481-8C56-1C875709182A}.Release|Any CPU.Build.0 = Release|Any CPU
		{51941BAA-E42D-4481-8C56-1C875709182A}.Release|Any CPU.Deploy.0 = Release|Any CPU
	EndGlobalSection
	GlobalSection(SolutionProperties) = preSolution
		HideSolutionNode = FALSE
	EndGlobalSection
	GlobalSection(ExtensibilityGlobals) = postSolution
		SolutionGuid = {8203DE43-9732-4808-BE88-CF1A1CE06038}
	EndGlobalSection
EndGlobal
